
Microsoft Visual Studio Solution File, Format Version 12.00
# Visual Studio Version 17
VisualStudioVersion = 17.10.35027.167
MinimumVisualStudioVersion = 10.0.40219.1
Project("{FAE04EC0-301F-11D3-BF4B-00C04F79EFBC}") = "LoveSyncServer", "LoveSyncServer.csproj", "{5976C4F3-A68B-4C3F-8527-4E589650D421}"
EndProject
Global
	GlobalSection(SolutionConfigurationPlatforms) = preSolution
		Debug|Any CPU = Debug|Any CPU
		Release|Any CPU = Release|Any CPU
	EndGlobalSection
	GlobalSection(ProjectConfigurationPlatforms) = postSolution
		{5976C4F3-A68B-4C3F-8527-4E589650D421}.Debug|Any CPU.ActiveCfg = Debug|Any CPU
		{5976C4F3-A68B-4C3F-8527-4E589650D421}.Debug|Any CPU.Build.0 = Debug|Any CPU
		{5976C4F3-A68B-4C3F-8527-4E589650D421}.Release|Any CPU.ActiveCfg = Release|Any CPU
		{5976C4F3-A68B-4C3F-8527-4E589650D421}.Release|Any CPU.Build.0 = Release|Any CPU
	EndGlobalSection
	GlobalSection(SolutionProperties) = preSolution
		HideSolutionNode = FALSE
	EndGlobalSection
	GlobalSection(ExtensibilityGlobals) = postSolution
		SolutionGuid = {BE7C45EF-C91E-4853-B190-B738C76B854F}
	EndGlobalSection
EndGlobal
